// !$*UTF8*$!
{
	archiveVersion = 1;
	classes = {
	};
	objectVersion = 46;
	objects = {

/* Begin PBXBuildFile section */
		75743E301A3C7A44007CA3D1 /* main.m in Sources */ = {isa = PBXBuildFile; fileRef = 75743E2F1A3C7A44007CA3D1 /* main.m */; };
		75743E331A3C7A44007CA3D1 /* AppDelegate.m in Sources */ = {isa = PBXBuildFile; fileRef = 75743E321A3C7A44007CA3D1 /* AppDelegate.m */; };
		75743E361A3C7A44007CA3D1 /* ViewController.m in Sources */ = {isa = PBXBuildFile; fileRef = 75743E351A3C7A44007CA3D1 /* ViewController.m */; };
		75743E391A3C7A44007CA3D1 /* Main.storyboard in Resources */ = {isa = PBXBuildFile; fileRef = 75743E371A3C7A44007CA3D1 /* Main.storyboard */; };
		75743E3B1A3C7A44007CA3D1 /* Images.xcassets in Resources */ = {isa = PBXBuildFile; fileRef = 75743E3A1A3C7A44007CA3D1 /* Images.xcassets */; };
		75743E3E1A3C7A44007CA3D1 /* LaunchScreen.xib in Resources */ = {isa = PBXBuildFile; fileRef = 75743E3C1A3C7A44007CA3D1 /* LaunchScreen.xib */; };
		75743E4A1A3C7A45007CA3D1 /* ChoujiangTests.m in Sources */ = {isa = PBXBuildFile; fileRef = 75743E491A3C7A45007CA3D1 /* ChoujiangTests.m */; };
		75743E551A3C7A89007CA3D1 /* FlipView.m in Sources */ = {isa = PBXBuildFile; fileRef = 75743E541A3C7A89007CA3D1 /* FlipView.m */; };
		75743E571A3C7A9D007CA3D1 /* FlipView.xib in Resources */ = {isa = PBXBuildFile; fileRef = 75743E561A3C7A9D007CA3D1 /* FlipView.xib */; };
		75743E631A3C835D007CA3D1 /* HJTimer.m in Sources */ = {isa = PBXBuildFile; fileRef = 75743E601A3C835D007CA3D1 /* HJTimer.m */; };
		75743E641A3C835D007CA3D1 /* HJTimerBridge.m in Sources */ = {isa = PBXBuildFile; fileRef = 75743E621A3C835D007CA3D1 /* HJTimerBridge.m */; };
/* End PBXBuildFile section */

/* Begin PBXContainerItemProxy section */
		75743E441A3C7A45007CA3D1 /* PBXContainerItemProxy */ = {
			isa = PBXContainerItemProxy;
			containerPortal = 75743E221A3C7A44007CA3D1 /* Project object */;
			proxyType = 1;
			remoteGlobalIDString = 75743E291A3C7A44007CA3D1;
			remoteInfo = Choujiang;
		};
/* End PBXContainerItemProxy section */

/* Begin PBXFileReference section */
		75743E2A1A3C7A44007CA3D1 /* Choujiang.app */ = {isa = PBXFileReference; explicitFileType = wrapper.application; includeInIndex = 0; path = Choujiang.app; sourceTree = BUILT_PRODUCTS_DIR; };
		75743E2E1A3C7A44007CA3D1 /* Info.plist */ = {isa = PBXFileReference; lastKnownFileType = text.plist.xml; path = Info.plist; sourceTree = "<group>"; };
		75743E2F1A3C7A44007CA3D1 /* main.m */ = {isa = PBXFileReference; lastKnownFileType = sourcecode.c.objc; path = main.m; sourceTree = "<group>"; };
		75743E311A3C7A44007CA3D1 /* AppDelegate.h */ = {isa = PBXFileReference; lastKnownFileType = sourcecode.c.h; path = AppDelegate.h; sourceTree = "<group>"; };
		75743E321A3C7A44007CA3D1 /* AppDelegate.m */ = {isa = PBXFileReference; lastKnownFileType = sourcecode.c.objc; path = AppDelegate.m; sourceTree = "<group>"; };
		75743E341A3C7A44007CA3D1 /* ViewController.h */ = {isa = PBXFileReference; lastKnownFileType = sourcecode.c.h; path = ViewController.h; sourceTree = "<group>"; };
		75743E351A3C7A44007CA3D1 /* ViewController.m */ = {isa = PBXFileReference; lastKnownFileType = sourcecode.c.objc; path = ViewController.m; sourceTree = "<group>"; };
		75743E381A3C7A44007CA3D1 /* Base */ = {isa = PBXFileReference; lastKnownFileType = file.storyboard; name = Base; path = Base.lproj/Main.storyboard; sourceTree = "<group>"; };
		75743E3A1A3C7A44007CA3D1 /* Images.xcassets */ = {isa = PBXFileReference; lastKnownFileType = folder.assetcatalog; path = Images.xcassets; sourceTree = "<group>"; };
		75743E3D1A3C7A44007CA3D1 /* Base */ = {isa = PBXFileReference; lastKnownFileType = file.xib; name = Base; path = Base.lproj/LaunchScreen.xib; sourceTree = "<group>"; };
		75743E431A3C7A45007CA3D1 /* ChoujiangTests.xctest */ = {isa = PBXFileReference; explicitFileType = wrapper.cfbundle; includeInIndex = 0; path = ChoujiangTests.xctest; sourceTree = BUILT_PRODUCTS_DIR; };
		75743E481A3C7A45007CA3D1 /* Info.plist */ = {isa = PBXFileReference; lastKnownFileType = text.plist.xml; path = Info.plist; sourceTree = "<group>"; };
		75743E491A3C7A45007CA3D1 /* ChoujiangTests.m */ = {isa = PBXFileReference; lastKnownFileType = sourcecode.c.objc; path = ChoujiangTests.m; sourceTree = "<group>"; };
		75743E531A3C7A89007CA3D1 /* FlipView.h */ = {isa = PBXFileReference; fileEncoding = 4; lastKnownFileType = sourcecode.c.h; path = FlipView.h; sourceTree = "<group>"; };
		75743E541A3C7A89007CA3D1 /* FlipView.m */ = {isa = PBXFileReference; fileEncoding = 4; lastKnownFileType = sourcecode.c.objc; path = FlipView.m; sourceTree = "<group>"; };
		75743E561A3C7A9D007CA3D1 /* FlipView.xib */ = {isa = PBXFileReference; fileEncoding = 4; lastKnownFileType = file.xib; path = FlipView.xib; sourceTree = "<group>"; };
		75743E5F1A3C835D007CA3D1 /* HJTimer.h */ = {isa = PBXFileReference; fileEncoding = 4; lastKnownFileType = sourcecode.c.h; path = HJTimer.h; sourceTree = "<group>"; };
		75743E601A3C835D007CA3D1 /* HJTimer.m */ = {isa = PBXFileReference; fileEncoding = 4; lastKnownFileType = sourcecode.c.objc; path = HJTimer.m; sourceTree = "<group>"; };
		75743E611A3C835D007CA3D1 /* HJTimerBridge.h */ = {isa = PBXFileReference; fileEncoding = 4; lastKnownFileType = sourcecode.c.h; path = HJTimerBridge.h; sourceTree = "<group>"; };
		75743E621A3C835D007CA3D1 /* HJTimerBridge.m */ = {isa = PBXFileReference; fileEncoding = 4; lastKnownFileType = sourcecode.c.objc; path = HJTimerBridge.m; sourceTree = "<group>"; };
/* End PBXFileReference section */

/* Begin PBXFrameworksBuildPhase section */
		75743E271A3C7A44007CA3D1 /* Frameworks */ = {
			isa = PBXFrameworksBuildPhase;
			buildActionMask = 2147483647;
			files = (
			);
			runOnlyForDeploymentPostprocessing = 0;
		};
		75743E401A3C7A45007CA3D1 /* Frameworks */ = {
			isa = PBXFrameworksBuildPhase;
			buildActionMask = 2147483647;
			files = (
			);
			runOnlyForDeploymentPostprocessing = 0;
		};
/* End PBXFrameworksBuildPhase section */

/* Begin PBXGroup section */
		75743E211A3C7A44007CA3D1 = {
			isa = PBXGroup;
			children = (
				75743E2C1A3C7A44007CA3D1 /* Choujiang */,
				75743E461A3C7A45007CA3D1 /* ChoujiangTests */,
				75743E2B1A3C7A44007CA3D1 /* Products */,
			);
			sourceTree = "<group>";
		};
		75743E2B1A3C7A44007CA3D1 /* Products */ = {
			isa = PBXGroup;
			children = (
				75743E2A1A3C7A44007CA3D1 /* Choujiang.app */,
				75743E431A3C7A45007CA3D1 /* ChoujiangTests.xctest */,
			);
			name = Products;
			sourceTree = "<group>";
		};
		75743E2C1A3C7A44007CA3D1 /* Choujiang */ = {
			isa = PBXGroup;
			children = (
				75743E5E1A3C835D007CA3D1 /* HJTimer */,
				75743E311A3C7A44007CA3D1 /* AppDelegate.h */,
				75743E321A3C7A44007CA3D1 /* AppDelegate.m */,
				75743E341A3C7A44007CA3D1 /* ViewController.h */,
				75743E351A3C7A44007CA3D1 /* ViewController.m */,
				75743E371A3C7A44007CA3D1 /* Main.storyboard */,
				75743E531A3C7A89007CA3D1 /* FlipView.h */,
				75743E541A3C7A89007CA3D1 /* FlipView.m */,
				75743E561A3C7A9D007CA3D1 /* FlipView.xib */,
				75743E3A1A3C7A44007CA3D1 /* Images.xcassets */,
				75743E3C1A3C7A44007CA3D1 /* LaunchScreen.xib */,
				75743E2D1A3C7A44007CA3D1 /* Supporting Files */,
			);
			path = Choujiang;
			sourceTree = "<group>";
		};
		75743E2D1A3C7A44007CA3D1 /* Supporting Files */ = {
			isa = PBXGroup;
			children = (
				75743E2E1A3C7A44007CA3D1 /* Info.plist */,
				75743E2F1A3C7A44007CA3D1 /* main.m */,
			);
			name = "Supporting Files";
			sourceTree = "<group>";
		};
		75743E461A3C7A45007CA3D1 /* ChoujiangTests */ = {
			isa = PBXGroup;
			children = (
				75743E491A3C7A45007CA3D1 /* ChoujiangTests.m */,
				75743E471A3C7A45007CA3D1 /* Supporting Files */,
			);
			path = ChoujiangTests;
			sourceTree = "<group>";
		};
		75743E471A3C7A45007CA3D1 /* Supporting Files */ = {
			isa = PBXGroup;
			children = (
				75743E481A3C7A45007CA3D1 /* Info.plist */,
			);
			name = "Supporting Files";
			sourceTree = "<group>";
		};
		75743E5E1A3C835D007CA3D1 /* HJTimer */ = {
			isa = PBXGroup;
			children = (
				75743E5F1A3C835D007CA3D1 /* HJTimer.h */,
				75743E601A3C835D007CA3D1 /* HJTimer.m */,
				75743E611A3C835D007CA3D1 /* HJTimerBridge.h */,
				75743E621A3C835D007CA3D1 /* HJTimerBridge.m */,
			);
			path = HJTimer;
			sourceTree = "<group>";
		};
/* End PBXGroup section */

/* Begin PBXNativeTarget section */
		75743E291A3C7A44007CA3D1 /* Choujiang */ = {
			isa = PBXNativeTarget;
			buildConfigurationList = 75743E4D1A3C7A45007CA3D1 /* Build configuration list for PBXNativeTarget "Choujiang" */;
			buildPhases = (
				75743E261A3C7A44007CA3D1 /* Sources */,
				75743E271A3C7A44007CA3D1 /* Frameworks */,
				75743E281A3C7A44007CA3D1 /* Resources */,
			);
			buildRules = (
			);
			dependencies = (
			);
			name = Choujiang;
			productName = Choujiang;
			productReference = 75743E2A1A3C7A44007CA3D1 /* Choujiang.app */;
			productType = "com.apple.product-type.application";
		};
		75743E421A3C7A45007CA3D1 /* ChoujiangTests */ = {
			isa = PBXNativeTarget;
			buildConfigurationList = 75743E501A3C7A45007CA3D1 /* Build configuration list for PBXNativeTarget "ChoujiangTests" */;
			buildPhases = (
				75743E3F1A3C7A45007CA3D1 /* Sources */,
				75743E401A3C7A45007CA3D1 /* Frameworks */,
				75743E411A3C7A45007CA3D1 /* Resources */,
			);
			buildRules = (
			);
			dependencies = (
				75743E451A3C7A45007CA3D1 /* PBXTargetDependency */,
			);
			name = ChoujiangTests;
			productName = ChoujiangTests;
			productReference = 75743E431A3C7A45007CA3D1 /* ChoujiangTests.xctest */;
			productType = "com.apple.product-type.bundle.unit-test";
		};
/* End PBXNativeTarget section */

/* Begin PBXProject section */
		75743E221A3C7A44007CA3D1 /* Project object */ = {
			isa = PBXProject;
			attributes = {
				LastUpgradeCheck = 0610;
				ORGANIZATIONNAME = TN;
				TargetAttributes = {
					75743E291A3C7A44007CA3D1 = {
						CreatedOnToolsVersion = 6.1.1;
					};
					75743E421A3C7A45007CA3D1 = {
						CreatedOnToolsVersion = 6.1.1;
						TestTargetID = 75743E291A3C7A44007CA3D1;
					};
				};
			};
			buildConfigurationList = 75743E251A3C7A44007CA3D1 /* Build configuration list for PBXProject "Choujiang" */;
			compatibilityVersion = "Xcode 3.2";
			developmentRegion = English;
			hasScannedForEncodings = 0;
			knownRegions = (
				en,
				Base,
			);
			mainGroup = 75743E211A3C7A44007CA3D1;
			productRefGroup = 75743E2B1A3C7A44007CA3D1 /* Products */;
			projectDirPath = "";
			projectRoot = "";
			targets = (
				75743E291A3C7A44007CA3D1 /* Choujiang */,
				75743E421A3C7A45007CA3D1 /* ChoujiangTests */,
			);
		};
/* End PBXProject section */

/* Begin PBXResourcesBuildPhase section */
		75743E281A3C7A44007CA3D1 /* Resources */ = {
			isa = PBXResourcesBuildPhase;
			buildActionMask = 2147483647;
			files = (
				75743E391A3C7A44007CA3D1 /* Main.storyboard in Resources */,
				75743E3E1A3C7A44007CA3D1 /* LaunchScreen.xib in Resources */,
				75743E3B1A3C7A44007CA3D1 /* Images.xcassets in Resources */,
				75743E571A3C7A9D007CA3D1 /* FlipView.xib in Resources */,
			);
			runOnlyForDeploymentPostprocessing = 0;
		};
		75743E411A3C7A45007CA3D1 /* Resources */ = {
			isa = PBXResourcesBuildPhase;
			buildActionMask = 2147483647;
			files = (
			);
			runOnlyForDeploymentPostprocessing = 0;
		};
/* End PBXResourcesBuildPhase section */

/* Begin PBXSourcesBuildPhase section */
		75743E261A3C7A44007CA3D1 /* Sources */ = {
			isa = PBXSourcesBuildPhase;
			buildActionMask = 2147483647;
			files = (
				75743E641A3C835D007CA3D1 /* HJTimerBridge.m in Sources */,
				75743E361A3C7A44007CA3D1 /* ViewController.m in Sources */,
				75743E331A3C7A44007CA3D1 /* AppDelegate.m in Sources */,
				75743E631A3C835D007CA3D1 /* HJTimer.m in Sources */,
				75743E301A3C7A44007CA3D1 /* main.m in Sources */,
				75743E551A3C7A89007CA3D1 /* FlipView.m in Sources */,
			);
			runOnlyForDeploymentPostprocessing = 0;
		};
		75743E3F1A3C7A45007CA3D1 /* Sources */ = {
			isa = PBXSourcesBuildPhase;
			buildActionMask = 2147483647;
			files = (
				75743E4A1A3C7A45007CA3D1 /* ChoujiangTests.m in Sources */,
			);
			runOnlyForDeploymentPostprocessing = 0;
		};
/* End PBXSourcesBuildPhase section */

/* Begin PBXTargetDependency section */
		75743E451A3C7A45007CA3D1 /* PBXTargetDependency */ = {
			isa = PBXTargetDependency;
			target = 75743E291A3C7A44007CA3D1 /* Choujiang */;
			targetProxy = 75743E441A3C7A45007CA3D1 /* PBXContainerItemProxy */;
		};
/* End PBXTargetDependency section */

/* Begin PBXVariantGroup section */
		75743E371A3C7A44007CA3D1 /* Main.storyboard */ = {
			isa = PBXVariantGroup;
			children = (
				75743E381A3C7A44007CA3D1 /* Base */,
			);
			name = Main.storyboard;
			sourceTree = "<group>";
		};
		75743E3C1A3C7A44007CA3D1 /* LaunchScreen.xib */ = {
			isa = PBXVariantGroup;
			children = (
				75743E3D1A3C7A44007CA3D1 /* Base */,
			);
			name = LaunchScreen.xib;
			sourceTree = "<group>";
		};
/* End PBXVariantGroup section */

/* Begin XCBuildConfiguration section */
		75743E4B1A3C7A45007CA3D1 /* Debug */ = {
			isa = XCBuildConfiguration;
			buildSettings = {
				ALWAYS_SEARCH_USER_PATHS = NO;
				CLANG_CXX_LANGUAGE_STANDARD = "gnu++0x";
				CLANG_CXX_LIBRARY = "libc++";
				CLANG_ENABLE_MODULES = YES;
				CLANG_ENABLE_OBJC_ARC = YES;
				CLANG_WARN_BOOL_CONVERSION = YES;
				CLANG_WARN_CONSTANT_CONVERSION = YES;
				CLANG_WARN_DIRECT_OBJC_ISA_USAGE = YES_ERROR;
				CLANG_WARN_EMPTY_BODY = YES;
				CLANG_WARN_ENUM_CONVERSION = YES;
				CLANG_WARN_INT_CONVERSION = YES;
				CLANG_WARN_OBJC_ROOT_CLASS = YES_ERROR;
				CLANG_WARN_UNREACHABLE_CODE = YES;
				CLANG_WARN__DUPLICATE_METHOD_MATCH = YES;
				"CODE_SIGN_IDENTITY[sdk=iphoneos*]" = "iPhone Developer";
				COPY_PHASE_STRIP = NO;
				ENABLE_STRICT_OBJC_MSGSEND = YES;
				GCC_C_LANGUAGE_STANDARD = gnu99;
				GCC_DYNAMIC_NO_PIC = NO;
				GCC_OPTIMIZATION_LEVEL = 0;
				GCC_PREPROCESSOR_DEFINITIONS = (
					"DEBUG=1",
					"$(inherited)",
				);
				GCC_SYMBOLS_PRIVATE_EXTERN = NO;
				GCC_WARN_64_TO_32_BIT_CONVERSION = YES;
				GCC_WARN_ABOUT_RETURN_TYPE = YES_ERROR;
				GCC_WARN_UNDECLARED_SELECTOR = YES;
				GCC_WARN_UNINITIALIZED_AUTOS = YES_AGGRESSIVE;
				GCC_WARN_UNUSED_FUNCTION = YES;
				GCC_WARN_UNUSED_VARIABLE = YES;
				IPHONEOS_DEPLOYMENT_TARGET = 8.1;
				MTL_ENABLE_DEBUG_INFO = YES;
				ONLY_ACTIVE_ARCH = YES;
				SDKROOT = iphoneos;
			};
			name = Debug;
		};
		75743E4C1A3C7A45007CA3D1 /* Release */ = {
			isa = XCBuildConfiguration;
			buildSettings = {
				ALWAYS_SEARCH_USER_PATHS = NO;
				CLANG_CXX_LANGUAGE_STANDARD = "gnu++0x";
				CLANG_CXX_LIBRARY = "libc++";
				CLANG_ENABLE_MODULES = YES;
				CLANG_ENABLE_OBJC_ARC = YES;
				CLANG_WARN_BOOL_CONVERSION = YES;
				CLANG_WARN_CONSTANT_CONVERSION = YES;
				CLANG_WARN_DIRECT_OBJC_ISA_USAGE = YES_ERROR;
				CLANG_WARN_EMPTY_BODY = YES;
				CLANG_WARN_ENUM_CONVERSION = YES;
				CLANG_WARN_INT_CONVERSION = YES;
				CLANG_WARN_OBJC_ROOT_CLASS = YES_ERROR;
				CLANG_WARN_UNREACHABLE_CODE = YES;
				CLANG_WARN__DUPLICATE_METHOD_MATCH = YES;
				"CODE_SIGN_IDENTITY[sdk=iphoneos*]" = "iPhone Developer";
				COPY_PHASE_STRIP = YES;
				ENABLE_NS_ASSERTIONS = NO;
				ENABLE_STRICT_OBJC_MSGSEND = YES;
				GCC_C_LANGUAGE_STANDARD = gnu99;
				GCC_WARN_64_TO_32_BIT_CONVERSION = YES;
				GCC_WARN_ABOUT_RETURN_TYPE = YES_ERROR;
				GCC_WARN_UNDECLARED_SELECTOR = YES;
				GCC_WARN_UNINITIALIZED_AUTOS = YES_AGGRESSIVE;
				GCC_WARN_UNUSED_FUNCTION = YES;
				GCC_WARN_UNUSED_VARIABLE = YES;
				IPHONEOS_DEPLOYMENT_TARGET = 8.1;
				MTL_ENABLE_DEBUG_INFO = NO;
				SDKROOT = iphoneos;
				VALIDATE_PRODUCT = YES;
			};
			name = Release;
		};
		75743E4E1A3C7A45007CA3D1 /* Debug */ = {
			isa = XCBuildConfiguration;
			buildSettings = {
				ASSETCATALOG_COMPILER_APPICON_NAME = AppIcon;
				INFOPLIST_FILE = Choujiang/Info.plist;
				LD_RUNPATH_SEARCH_PATHS = "$(inherited) @executable_path/Frameworks";
				PRODUCT_NAME = "$(TARGET_NAME)";
			};
			name = Debug;
		};
		75743E4F1A3C7A45007CA3D1 /* Release */ = {
			isa = XCBuildConfiguration;
			buildSettings = {
				ASSETCATALOG_COMPILER_APPICON_NAME = AppIcon;
				"CODE_SIGN_IDENTITY[sdk=iphoneos*]" = "iPhone Distribution";
				INFOPLIST_FILE = Choujiang/Info.plist;
				LD_RUNPATH_SEARCH_PATHS = "$(inherited) @executable_path/Frameworks";
				PRODUCT_NAME = "$(TARGET_NAME)";
			};
			name = Release;
		};
		75743E511A3C7A45007CA3D1 /* Debug */ = {
			isa = XCBuildConfiguration;
			buildSettings = {
				BUNDLE_LOADER = "$(TEST_HOST)";
				FRAMEWORK_SEARCH_PATHS = (
					"$(SDKROOT)/Developer/Library/Frameworks",
					"$(inherited)",
				);
				GCC_PREPROCESSOR_DEFINITIONS = (
					"DEBUG=1",
					"$(inherited)",
				);
				INFOPLIST_FILE = ChoujiangTests/Info.plist;
				LD_RUNPATH_SEARCH_PATHS = "$(inherited) @executable_path/Frameworks @loader_path/Frameworks";
				PRODUCT_NAME = "$(TARGET_NAME)";
				TEST_HOST = "$(BUILT_PRODUCTS_DIR)/Choujiang.app/Choujiang";
			};
			name = Debug;
		};
		75743E521A3C7A45007CA3D1 /* Release */ = {
			isa = XCBuildConfiguration;
			buildSettings = {
				BUNDLE_LOADER = "$(TEST_HOST)";
				FRAMEWORK_SEARCH_PATHS = (
					"$(SDKROOT)/Developer/Library/Frameworks",
					"$(inherited)",
				);
				INFOPLIST_FILE = ChoujiangTests/Info.plist;
				LD_RUNPATH_SEARCH_PATHS = "$(inherited) @executable_path/Frameworks @loader_path/Frameworks";
				PRODUCT_NAME = "$(TARGET_NAME)";
				TEST_HOST = "$(BUILT_PRODUCTS_DIR)/Choujiang.app/Choujiang";
			};
			name = Release;
		};
/* End XCBuildConfiguration section */

/* Begin XCConfigurationList section */
		75743E251A3C7A44007CA3D1 /* Build configuration list for PBXProject "Choujiang" */ = {
			isa = XCConfigurationList;
			buildConfigurations = (
				75743E4B1A3C7A45007CA3D1 /* Debug */,
				75743E4C1A3C7A45007CA3D1 /* Release */,
			);
			defaultConfigurationIsVisible = 0;
			defaultConfigurationName = Release;
		};
		75743E4D1A3C7A45007CA3D1 /* Build configuration list for PBXNativeTarget "Choujiang" */ = {
			isa = XCConfigurationList;
			buildConfigurations = (
				75743E4E1A3C7A45007CA3D1 /* Debug */,
				75743E4F1A3C7A45007CA3D1 /* Release */,
			);
			defaultConfigurationIsVisible = 0;
			defaultConfigurationName = Release;
		};
		75743E501A3C7A45007CA3D1 /* Build configuration list for PBXNativeTarget "ChoujiangTests" */ = {
			isa = XCConfigurationList;
			buildConfigurations = (
				75743E511A3C7A45007CA3D1 /* Debug */,
				75743E521A3C7A45007CA3D1 /* Release */,
			);
			defaultConfigurationIsVisible = 0;
			defaultConfigurationName = Release;
		};
/* End XCConfigurationList section */
	};
	rootObject = 75743E221A3C7A44007CA3D1 /* Project object */;
}
